
Microsoft Visual Studio Solution File, Format Version 12.00
# Visual Studio Version 17
VisualStudioVersion = 17.14.36119.2 d17.14
MinimumVisualStudioVersion = 10.0.40219.1
Project("{FAE04EC0-301F-11D3-BF4B-00C04F79EFBC}") = "CqrsConsoleApp", "CqrsConsoleApp\CqrsConsoleApp.csproj", "{091FCDC5-0443-4666-BBDC-061D6B00910E}"
EndProject
Global
	GlobalSection(SolutionConfigurationPlatforms) = preSolution
		Debug|Any CPU = Debug|Any CPU
		Release|Any CPU = Release|Any CPU
	EndGlobalSection
	GlobalSection(ProjectConfigurationPlatforms) = postSolution
		{091FCDC5-0443-4666-BBDC-061D6B00910E}.Debug|Any CPU.ActiveCfg = Debug|Any CPU
		{091FCDC5-0443-4666-BBDC-061D6B00910E}.Debug|Any CPU.Build.0 = Debug|Any CPU
		{091FCDC5-0443-4666-BBDC-061D6B00910E}.Release|Any CPU.ActiveCfg = Release|Any CPU
		{091FCDC5-0443-4666-BBDC-061D6B00910E}.Release|Any CPU.Build.0 = Release|Any CPU
	EndGlobalSection
	GlobalSection(SolutionProperties) = preSolution
		HideSolutionNode = FALSE
	EndGlobalSection
	GlobalSection(ExtensibilityGlobals) = postSolution
		SolutionGuid = {A4E1385E-9E84-427D-8402-DD25BED5C4B6}
	EndGlobalSection
EndGlobal
