
Microsoft Visual Studio Solution File, Format Version 12.00
# Visual Studio Version 17
VisualStudioVersion = 17.14.36119.2 d17.14
MinimumVisualStudioVersion = 10.0.40219.1
Project("{FAE04EC0-301F-11D3-BF4B-00C04F79EFBC}") = "MiddlewareWebApp", "MiddlewareWebApp\MiddlewareWebApp.csproj", "{289BC0F3-EE6B-4447-92CB-FA3F693DB62E}"
EndProject
Global
	GlobalSection(SolutionConfigurationPlatforms) = preSolution
		Debug|Any CPU = Debug|Any CPU
		Release|Any CPU = Release|Any CPU
	EndGlobalSection
	GlobalSection(ProjectConfigurationPlatforms) = postSolution
		{289BC0F3-EE6B-4447-92CB-FA3F693DB62E}.Debug|Any CPU.ActiveCfg = Debug|Any CPU
		{289BC0F3-EE6B-4447-92CB-FA3F693DB62E}.Debug|Any CPU.Build.0 = Debug|Any CPU
		{289BC0F3-EE6B-4447-92CB-FA3F693DB62E}.Release|Any CPU.ActiveCfg = Release|Any CPU
		{289BC0F3-EE6B-4447-92CB-FA3F693DB62E}.Release|Any CPU.Build.0 = Release|Any CPU
	EndGlobalSection
	GlobalSection(SolutionProperties) = preSolution
		HideSolutionNode = FALSE
	EndGlobalSection
	GlobalSection(ExtensibilityGlobals) = postSolution
		SolutionGuid = {9F7F21A5-7F33-4443-9078-B03DC44D90BF}
	EndGlobalSection
EndGlobal
