
Microsoft Visual Studio Solution File, Format Version 12.00
# Visual Studio Version 17
VisualStudioVersion = 17.14.36221.1 d17.14
MinimumVisualStudioVersion = 10.0.40219.1
Project("{FAE04EC0-301F-11D3-BF4B-00C04F79EFBC}") = "FacadeWebApi", "FacadeWebApi\FacadeWebApi.csproj", "{369C85F4-14F4-4F79-8A35-31348975AD54}"
EndProject
Global
	GlobalSection(SolutionConfigurationPlatforms) = preSolution
		Debug|Any CPU = Debug|Any CPU
		Release|Any CPU = Release|Any CPU
	EndGlobalSection
	GlobalSection(ProjectConfigurationPlatforms) = postSolution
		{369C85F4-14F4-4F79-8A35-31348975AD54}.Debug|Any CPU.ActiveCfg = Debug|Any CPU
		{369C85F4-14F4-4F79-8A35-31348975AD54}.Debug|Any CPU.Build.0 = Debug|Any CPU
		{369C85F4-14F4-4F79-8A35-31348975AD54}.Release|Any CPU.ActiveCfg = Release|Any CPU
		{369C85F4-14F4-4F79-8A35-31348975AD54}.Release|Any CPU.Build.0 = Release|Any CPU
	EndGlobalSection
	GlobalSection(SolutionProperties) = preSolution
		HideSolutionNode = FALSE
	EndGlobalSection
	GlobalSection(ExtensibilityGlobals) = postSolution
		SolutionGuid = {BC90E5C5-9D18-46F4-96CE-0F8B93F4F9C8}
	EndGlobalSection
EndGlobal
