
Microsoft Visual Studio Solution File, Format Version 12.00
# Visual Studio Version 17
VisualStudioVersion = 17.14.36221.1
MinimumVisualStudioVersion = 10.0.40219.1
Project("{FAE04EC0-301F-11D3-BF4B-00C04F79EFBC}") = "LoanApplicationWebApi", "LoanApplicationWebApi\LoanApplicationWebApi.csproj", "{0ECD696A-3A5C-4AAD-81E6-38D143F0918E}"
EndProject
Project("{FAE04EC0-301F-11D3-BF4B-00C04F79EFBC}") = "LoanApplicationConsole", "LoanApplicationConsole\LoanApplicationConsole.csproj", "{A73D3390-741F-4D0F-A0A1-C65CCC76D0F8}"
EndProject
Global
	GlobalSection(SolutionConfigurationPlatforms) = preSolution
		Debug|Any CPU = Debug|Any CPU
		Release|Any CPU = Release|Any CPU
	EndGlobalSection
	GlobalSection(ProjectConfigurationPlatforms) = postSolution
		{0ECD696A-3A5C-4AAD-81E6-38D143F0918E}.Debug|Any CPU.ActiveCfg = Debug|Any CPU
		{0ECD696A-3A5C-4AAD-81E6-38D143F0918E}.Debug|Any CPU.Build.0 = Debug|Any CPU
		{0ECD696A-3A5C-4AAD-81E6-38D143F0918E}.Release|Any CPU.ActiveCfg = Release|Any CPU
		{0ECD696A-3A5C-4AAD-81E6-38D143F0918E}.Release|Any CPU.Build.0 = Release|Any CPU
		{A73D3390-741F-4D0F-A0A1-C65CCC76D0F8}.Debug|Any CPU.ActiveCfg = Debug|Any CPU
		{A73D3390-741F-4D0F-A0A1-C65CCC76D0F8}.Debug|Any CPU.Build.0 = Debug|Any CPU
		{A73D3390-741F-4D0F-A0A1-C65CCC76D0F8}.Release|Any CPU.ActiveCfg = Release|Any CPU
		{A73D3390-741F-4D0F-A0A1-C65CCC76D0F8}.Release|Any CPU.Build.0 = Release|Any CPU
	EndGlobalSection
	GlobalSection(SolutionProperties) = preSolution
		HideSolutionNode = FALSE
	EndGlobalSection
	GlobalSection(ExtensibilityGlobals) = postSolution
		SolutionGuid = {96021C94-C228-4211-B249-A83FBDC920CA}
	EndGlobalSection
EndGlobal
