
Microsoft Visual Studio Solution File, Format Version 12.00
# Visual Studio Version 17
VisualStudioVersion = 17.14.36221.1 d17.14
MinimumVisualStudioVersion = 10.0.40219.1
Project("{FAE04EC0-301F-11D3-BF4B-00C04F79EFBC}") = "FluentValidationWebApp", "FluentValidationWebApp.csproj", "{A5ECC7C5-16C8-4A8E-BBB1-CB91340501A4}"
EndProject
Global
	GlobalSection(SolutionConfigurationPlatforms) = preSolution
		Debug|Any CPU = Debug|Any CPU
		Release|Any CPU = Release|Any CPU
	EndGlobalSection
	GlobalSection(ProjectConfigurationPlatforms) = postSolution
		{A5ECC7C5-16C8-4A8E-BBB1-CB91340501A4}.Debug|Any CPU.ActiveCfg = Debug|Any CPU
		{A5ECC7C5-16C8-4A8E-BBB1-CB91340501A4}.Debug|Any CPU.Build.0 = Debug|Any CPU
		{A5ECC7C5-16C8-4A8E-BBB1-CB91340501A4}.Release|Any CPU.ActiveCfg = Release|Any CPU
		{A5ECC7C5-16C8-4A8E-BBB1-CB91340501A4}.Release|Any CPU.Build.0 = Release|Any CPU
	EndGlobalSection
	GlobalSection(SolutionProperties) = preSolution
		HideSolutionNode = FALSE
	EndGlobalSection
	GlobalSection(ExtensibilityGlobals) = postSolution
		SolutionGuid = {41568B12-6AAA-4B5D-B66C-3EB5B662204F}
	EndGlobalSection
EndGlobal
