
Microsoft Visual Studio Solution File, Format Version 12.00
# Visual Studio Version 17
VisualStudioVersion = 17.14.36119.2 d17.14
MinimumVisualStudioVersion = 10.0.40219.1
Project("{FAE04EC0-301F-11D3-BF4B-00C04F79EFBC}") = "TestingWebApp", "TestingWebApp\TestingWebApp.csproj", "{19004170-8B7F-47E2-B9E6-6388FA462D64}"
EndProject
Global
	GlobalSection(SolutionConfigurationPlatforms) = preSolution
		Debug|Any CPU = Debug|Any CPU
		Release|Any CPU = Release|Any CPU
	EndGlobalSection
	GlobalSection(ProjectConfigurationPlatforms) = postSolution
		{19004170-8B7F-47E2-B9E6-6388FA462D64}.Debug|Any CPU.ActiveCfg = Debug|Any CPU
		{19004170-8B7F-47E2-B9E6-6388FA462D64}.Debug|Any CPU.Build.0 = Debug|Any CPU
		{19004170-8B7F-47E2-B9E6-6388FA462D64}.Release|Any CPU.ActiveCfg = Release|Any CPU
		{19004170-8B7F-47E2-B9E6-6388FA462D64}.Release|Any CPU.Build.0 = Release|Any CPU
	EndGlobalSection
	GlobalSection(SolutionProperties) = preSolution
		HideSolutionNode = FALSE
	EndGlobalSection
	GlobalSection(ExtensibilityGlobals) = postSolution
		SolutionGuid = {E3B0289D-175C-4F6F-ADC9-685740EA49ED}
	EndGlobalSection
EndGlobal
